
Microsoft Visual Studio Solution File, Format Version 12.00
# Visual Studio 15
VisualStudioVersion = 15.0.27703.2047
MinimumVisualStudioVersion = 10.0.40219.1
Project("{8BC9CEB8-8B4A-11D0-8D11-00A0C91BC942}") = "DFS와BFS", "DFS와BFS.vcxproj", "{8572526B-2070-4AB4-94E3-127B2AD42160}"
EndProject
Global
	GlobalSection(SolutionConfigurationPlatforms) = preSolution
		Debug|x64 = Debug|x64
		Debug|x86 = Debug|x86
		Release|x64 = Release|x64
		Release|x86 = Release|x86
	EndGlobalSection
	GlobalSection(ProjectConfigurationPlatforms) = postSolution
		{8572526B-2070-4AB4-94E3-127B2AD42160}.Debug|x64.ActiveCfg = Debug|x64
		{8572526B-2070-4AB4-94E3-127B2AD42160}.Debug|x64.Build.0 = Debug|x64
		{8572526B-2070-4AB4-94E3-127B2AD42160}.Debug|x86.ActiveCfg = Debug|Win32
		{8572526B-2070-4AB4-94E3-127B2AD42160}.Debug|x86.Build.0 = Debug|Win32
		{8572526B-2070-4AB4-94E3-127B2AD42160}.Release|x64.ActiveCfg = Release|x64
		{8572526B-2070-4AB4-94E3-127B2AD42160}.Release|x64.Build.0 = Release|x64
		{8572526B-2070-4AB4-94E3-127B2AD42160}.Release|x86.ActiveCfg = Release|Win32
		{8572526B-2070-4AB4-94E3-127B2AD42160}.Release|x86.Build.0 = Release|Win32
	EndGlobalSection
	GlobalSection(SolutionProperties) = preSolution
		HideSolutionNode = FALSE
	EndGlobalSection
	GlobalSection(ExtensibilityGlobals) = postSolution
		SolutionGuid = {1D792DF8-5FD1-4347-9A0E-F9163A12BC40}
	EndGlobalSection
EndGlobal
