
Microsoft Visual Studio Solution File, Format Version 12.00
# Visual Studio 15
VisualStudioVersion = 15.0.27703.2047
MinimumVisualStudioVersion = 10.0.40219.1
Project("{8BC9CEB8-8B4A-11D0-8D11-00A0C91BC942}") = "2742_기찍N", "기찍N\기찍N.vcxproj", "{A8BE3976-707B-4133-8721-DB80724ACD68}"
EndProject
Project("{8BC9CEB8-8B4A-11D0-8D11-00A0C91BC942}") = "2739_구구단", "구구단\구구단.vcxproj", "{1BCB6871-1EF0-4A0F-9837-BAA8780FD8DF}"
EndProject
Project("{8BC9CEB8-8B4A-11D0-8D11-00A0C91BC942}") = "2438_별찍기-1", "별찍기-1\별찍기-1.vcxproj", "{51319489-E5FC-410C-A557-4A9F107F4E23}"
EndProject
Project("{8BC9CEB8-8B4A-11D0-8D11-00A0C91BC942}") = "2439_별찍기-2", "별찍기-2\별찍기-2.vcxproj", "{37B70629-9923-417C-8FDB-CD5B050883D4}"
EndProject
Project("{8BC9CEB8-8B4A-11D0-8D11-00A0C91BC942}") = "8393_합", "8393_합\8393_합.vcxproj", "{ADAE4B6B-876D-4F08-97E2-1B41885C6A0A}"
EndProject
Project("{8BC9CEB8-8B4A-11D0-8D11-00A0C91BC942}") = "1924_2007년", "1924_2007년\1924_2007년.vcxproj", "{3BAD4C57-E684-4055-8A42-DB93C77402DD}"
EndProject
Project("{8BC9CEB8-8B4A-11D0-8D11-00A0C91BC942}") = "11720_숫자의합", "11720_숫자의합\11720_숫자의합.vcxproj", "{6C387E06-CD2C-454B-BB62-AB3B9093652F}"
EndProject
Project("{8BC9CEB8-8B4A-11D0-8D11-00A0C91BC942}") = "11721_열 개씩 끊어 출력하기", "11721_열 개씩 끊어 출력하기\11721_열 개씩 끊어 출력하기.vcxproj", "{CC9DF9C7-6A17-4AD1-8D09-1E63C774244A}"
EndProject
Project("{8BC9CEB8-8B4A-11D0-8D11-00A0C91BC942}") = "15552_빠른 A+B", "15552_빠른 A+B\15552_빠른 A+B.vcxproj", "{A5669D4B-EBCD-4DFD-9424-C8845488F175}"
EndProject
Project("{2150E333-8FDC-42A3-9474-1A3956D46DE8}") = "For", "For", "{A1BFA83A-B95A-4FF9-82BF-5CEAB559E258}"
EndProject
Project("{8BC9CEB8-8B4A-11D0-8D11-00A0C91BC942}") = "2440_별찍기-3", "2441_별찍기-3\2441_별찍기-3.vcxproj", "{11BD9544-F498-41C8-8AC8-3C00D19E0DA4}"
EndProject
Project("{8BC9CEB8-8B4A-11D0-8D11-00A0C91BC942}") = "2441_별찍기-4", "2441_별찍기-4\2441_별찍기-4.vcxproj", "{C6A2F396-6E8B-436C-BF82-761A0CEBC635}"
EndProject
Global
	GlobalSection(SolutionConfigurationPlatforms) = preSolution
		Debug|x64 = Debug|x64
		Debug|x86 = Debug|x86
		Release|x64 = Release|x64
		Release|x86 = Release|x86
	EndGlobalSection
	GlobalSection(ProjectConfigurationPlatforms) = postSolution
		{A8BE3976-707B-4133-8721-DB80724ACD68}.Debug|x64.ActiveCfg = Debug|x64
		{A8BE3976-707B-4133-8721-DB80724ACD68}.Debug|x64.Build.0 = Debug|x64
		{A8BE3976-707B-4133-8721-DB80724ACD68}.Debug|x86.ActiveCfg = Debug|Win32
		{A8BE3976-707B-4133-8721-DB80724ACD68}.Debug|x86.Build.0 = Debug|Win32
		{A8BE3976-707B-4133-8721-DB80724ACD68}.Release|x64.ActiveCfg = Release|x64
		{A8BE3976-707B-4133-8721-DB80724ACD68}.Release|x64.Build.0 = Release|x64
		{A8BE3976-707B-4133-8721-DB80724ACD68}.Release|x86.ActiveCfg = Release|Win32
		{A8BE3976-707B-4133-8721-DB80724ACD68}.Release|x86.Build.0 = Release|Win32
		{1BCB6871-1EF0-4A0F-9837-BAA8780FD8DF}.Debug|x64.ActiveCfg = Debug|x64
		{1BCB6871-1EF0-4A0F-9837-BAA8780FD8DF}.Debug|x64.Build.0 = Debug|x64
		{1BCB6871-1EF0-4A0F-9837-BAA8780FD8DF}.Debug|x86.ActiveCfg = Debug|Win32
		{1BCB6871-1EF0-4A0F-9837-BAA8780FD8DF}.Debug|x86.Build.0 = Debug|Win32
		{1BCB6871-1EF0-4A0F-9837-BAA8780FD8DF}.Release|x64.ActiveCfg = Release|x64
		{1BCB6871-1EF0-4A0F-9837-BAA8780FD8DF}.Release|x64.Build.0 = Release|x64
		{1BCB6871-1EF0-4A0F-9837-BAA8780FD8DF}.Release|x86.ActiveCfg = Release|Win32
		{1BCB6871-1EF0-4A0F-9837-BAA8780FD8DF}.Release|x86.Build.0 = Release|Win32
		{51319489-E5FC-410C-A557-4A9F107F4E23}.Debug|x64.ActiveCfg = Debug|x64
		{51319489-E5FC-410C-A557-4A9F107F4E23}.Debug|x64.Build.0 = Debug|x64
		{51319489-E5FC-410C-A557-4A9F107F4E23}.Debug|x86.ActiveCfg = Debug|Win32
		{51319489-E5FC-410C-A557-4A9F107F4E23}.Debug|x86.Build.0 = Debug|Win32
		{51319489-E5FC-410C-A557-4A9F107F4E23}.Release|x64.ActiveCfg = Release|x64
		{51319489-E5FC-410C-A557-4A9F107F4E23}.Release|x64.Build.0 = Release|x64
		{51319489-E5FC-410C-A557-4A9F107F4E23}.Release|x86.ActiveCfg = Release|Win32
		{51319489-E5FC-410C-A557-4A9F107F4E23}.Release|x86.Build.0 = Release|Win32
		{37B70629-9923-417C-8FDB-CD5B050883D4}.Debug|x64.ActiveCfg = Debug|x64
		{37B70629-9923-417C-8FDB-CD5B050883D4}.Debug|x64.Build.0 = Debug|x64
		{37B70629-9923-417C-8FDB-CD5B050883D4}.Debug|x86.ActiveCfg = Debug|Win32
		{37B70629-9923-417C-8FDB-CD5B050883D4}.Debug|x86.Build.0 = Debug|Win32
		{37B70629-9923-417C-8FDB-CD5B050883D4}.Release|x64.ActiveCfg = Release|x64
		{37B70629-9923-417C-8FDB-CD5B050883D4}.Release|x64.Build.0 = Release|x64
		{37B70629-9923-417C-8FDB-CD5B050883D4}.Release|x86.ActiveCfg = Release|Win32
		{37B70629-9923-417C-8FDB-CD5B050883D4}.Release|x86.Build.0 = Release|Win32
		{ADAE4B6B-876D-4F08-97E2-1B41885C6A0A}.Debug|x64.ActiveCfg = Debug|x64
		{ADAE4B6B-876D-4F08-97E2-1B41885C6A0A}.Debug|x64.Build.0 = Debug|x64
		{ADAE4B6B-876D-4F08-97E2-1B41885C6A0A}.Debug|x86.ActiveCfg = Debug|Win32
		{ADAE4B6B-876D-4F08-97E2-1B41885C6A0A}.Debug|x86.Build.0 = Debug|Win32
		{ADAE4B6B-876D-4F08-97E2-1B41885C6A0A}.Release|x64.ActiveCfg = Release|x64
		{ADAE4B6B-876D-4F08-97E2-1B41885C6A0A}.Release|x64.Build.0 = Release|x64
		{ADAE4B6B-876D-4F08-97E2-1B41885C6A0A}.Release|x86.ActiveCfg = Release|Win32
		{ADAE4B6B-876D-4F08-97E2-1B41885C6A0A}.Release|x86.Build.0 = Release|Win32
		{3BAD4C57-E684-4055-8A42-DB93C77402DD}.Debug|x64.ActiveCfg = Debug|x64
		{3BAD4C57-E684-4055-8A42-DB93C77402DD}.Debug|x64.Build.0 = Debug|x64
		{3BAD4C57-E684-4055-8A42-DB93C77402DD}.Debug|x86.ActiveCfg = Debug|Win32
		{3BAD4C57-E684-4055-8A42-DB93C77402DD}.Debug|x86.Build.0 = Debug|Win32
		{3BAD4C57-E684-4055-8A42-DB93C77402DD}.Release|x64.ActiveCfg = Release|x64
		{3BAD4C57-E684-4055-8A42-DB93C77402DD}.Release|x64.Build.0 = Release|x64
		{3BAD4C57-E684-4055-8A42-DB93C77402DD}.Release|x86.ActiveCfg = Release|Win32
		{3BAD4C57-E684-4055-8A42-DB93C77402DD}.Release|x86.Build.0 = Release|Win32
		{6C387E06-CD2C-454B-BB62-AB3B9093652F}.Debug|x64.ActiveCfg = Debug|x64
		{6C387E06-CD2C-454B-BB62-AB3B9093652F}.Debug|x64.Build.0 = Debug|x64
		{6C387E06-CD2C-454B-BB62-AB3B9093652F}.Debug|x86.ActiveCfg = Debug|Win32
		{6C387E06-CD2C-454B-BB62-AB3B9093652F}.Debug|x86.Build.0 = Debug|Win32
		{6C387E06-CD2C-454B-BB62-AB3B9093652F}.Release|x64.ActiveCfg = Release|x64
		{6C387E06-CD2C-454B-BB62-AB3B9093652F}.Release|x64.Build.0 = Release|x64
		{6C387E06-CD2C-454B-BB62-AB3B9093652F}.Release|x86.ActiveCfg = Release|Win32
		{6C387E06-CD2C-454B-BB62-AB3B9093652F}.Release|x86.Build.0 = Release|Win32
		{CC9DF9C7-6A17-4AD1-8D09-1E63C774244A}.Debug|x64.ActiveCfg = Debug|x64
		{CC9DF9C7-6A17-4AD1-8D09-1E63C774244A}.Debug|x64.Build.0 = Debug|x64
		{CC9DF9C7-6A17-4AD1-8D09-1E63C774244A}.Debug|x86.ActiveCfg = Debug|Win32
		{CC9DF9C7-6A17-4AD1-8D09-1E63C774244A}.Debug|x86.Build.0 = Debug|Win32
		{CC9DF9C7-6A17-4AD1-8D09-1E63C774244A}.Release|x64.ActiveCfg = Release|x64
		{CC9DF9C7-6A17-4AD1-8D09-1E63C774244A}.Release|x64.Build.0 = Release|x64
		{CC9DF9C7-6A17-4AD1-8D09-1E63C774244A}.Release|x86.ActiveCfg = Release|Win32
		{CC9DF9C7-6A17-4AD1-8D09-1E63C774244A}.Release|x86.Build.0 = Release|Win32
		{A5669D4B-EBCD-4DFD-9424-C8845488F175}.Debug|x64.ActiveCfg = Debug|x64
		{A5669D4B-EBCD-4DFD-9424-C8845488F175}.Debug|x64.Build.0 = Debug|x64
		{A5669D4B-EBCD-4DFD-9424-C8845488F175}.Debug|x86.ActiveCfg = Debug|Win32
		{A5669D4B-EBCD-4DFD-9424-C8845488F175}.Debug|x86.Build.0 = Debug|Win32
		{A5669D4B-EBCD-4DFD-9424-C8845488F175}.Release|x64.ActiveCfg = Release|x64
		{A5669D4B-EBCD-4DFD-9424-C8845488F175}.Release|x64.Build.0 = Release|x64
		{A5669D4B-EBCD-4DFD-9424-C8845488F175}.Release|x86.ActiveCfg = Release|Win32
		{A5669D4B-EBCD-4DFD-9424-C8845488F175}.Release|x86.Build.0 = Release|Win32
		{11BD9544-F498-41C8-8AC8-3C00D19E0DA4}.Debug|x64.ActiveCfg = Debug|x64
		{11BD9544-F498-41C8-8AC8-3C00D19E0DA4}.Debug|x64.Build.0 = Debug|x64
		{11BD9544-F498-41C8-8AC8-3C00D19E0DA4}.Debug|x86.ActiveCfg = Debug|Win32
		{11BD9544-F498-41C8-8AC8-3C00D19E0DA4}.Debug|x86.Build.0 = Debug|Win32
		{11BD9544-F498-41C8-8AC8-3C00D19E0DA4}.Release|x64.ActiveCfg = Release|x64
		{11BD9544-F498-41C8-8AC8-3C00D19E0DA4}.Release|x64.Build.0 = Release|x64
		{11BD9544-F498-41C8-8AC8-3C00D19E0DA4}.Release|x86.ActiveCfg = Release|Win32
		{11BD9544-F498-41C8-8AC8-3C00D19E0DA4}.Release|x86.Build.0 = Release|Win32
		{C6A2F396-6E8B-436C-BF82-761A0CEBC635}.Debug|x64.ActiveCfg = Debug|x64
		{C6A2F396-6E8B-436C-BF82-761A0CEBC635}.Debug|x64.Build.0 = Debug|x64
		{C6A2F396-6E8B-436C-BF82-761A0CEBC635}.Debug|x86.ActiveCfg = Debug|Win32
		{C6A2F396-6E8B-436C-BF82-761A0CEBC635}.Debug|x86.Build.0 = Debug|Win32
		{C6A2F396-6E8B-436C-BF82-761A0CEBC635}.Release|x64.ActiveCfg = Release|x64
		{C6A2F396-6E8B-436C-BF82-761A0CEBC635}.Release|x64.Build.0 = Release|x64
		{C6A2F396-6E8B-436C-BF82-761A0CEBC635}.Release|x86.ActiveCfg = Release|Win32
		{C6A2F396-6E8B-436C-BF82-761A0CEBC635}.Release|x86.Build.0 = Release|Win32
	EndGlobalSection
	GlobalSection(SolutionProperties) = preSolution
		HideSolutionNode = FALSE
	EndGlobalSection
	GlobalSection(ExtensibilityGlobals) = postSolution
		SolutionGuid = {F4E10CCA-2C42-4436-AE33-05EBEBD17DA4}
	EndGlobalSection
EndGlobal
