
Microsoft Visual Studio Solution File, Format Version 12.00
# Visual Studio 15
VisualStudioVersion = 15.0.27703.2047
MinimumVisualStudioVersion = 10.0.40219.1
Project("{8BC9CEB8-8B4A-11D0-8D11-00A0C91BC942}") = "2742_기찍N", "기찍N\기찍N.vcxproj", "{A8BE3976-707B-4133-8721-DB80724ACD68}"
EndProject
Project("{8BC9CEB8-8B4A-11D0-8D11-00A0C91BC942}") = "2739_구구단", "구구단\구구단.vcxproj", "{1BCB6871-1EF0-4A0F-9837-BAA8780FD8DF}"
EndProject
Project("{8BC9CEB8-8B4A-11D0-8D11-00A0C91BC942}") = "2438_별찍기-1", "별찍기-1\별찍기-1.vcxproj", "{51319489-E5FC-410C-A557-4A9F107F4E23}"
EndProject
Project("{8BC9CEB8-8B4A-11D0-8D11-00A0C91BC942}") = "2439_별찍기-2", "별찍기-2\별찍기-2.vcxproj", "{37B70629-9923-417C-8FDB-CD5B050883D4}"
EndProject
Project("{8BC9CEB8-8B4A-11D0-8D11-00A0C91BC942}") = "2441_별찍기-4", "별찍기-4\별찍기-4.vcxproj", "{D6489A8F-B92F-4260-AA00-1C83EE38B075}"
EndProject
Project("{8BC9CEB8-8B4A-11D0-8D11-00A0C91BC942}") = "1924_2007년", "2007년\2007년.vcxproj", "{9092D962-7EF4-4AC0-AEE2-DF6FB337A149}"
EndProject
Project("{8BC9CEB8-8B4A-11D0-8D11-00A0C91BC942}") = "8393_합", "8393_합\8393_합.vcxproj", "{ADAE4B6B-876D-4F08-97E2-1B41885C6A0A}"
EndProject
Global
	GlobalSection(SolutionConfigurationPlatforms) = preSolution
		Debug|x64 = Debug|x64
		Debug|x86 = Debug|x86
		Release|x64 = Release|x64
		Release|x86 = Release|x86
	EndGlobalSection
	GlobalSection(ProjectConfigurationPlatforms) = postSolution
		{A8BE3976-707B-4133-8721-DB80724ACD68}.Debug|x64.ActiveCfg = Debug|x64
		{A8BE3976-707B-4133-8721-DB80724ACD68}.Debug|x64.Build.0 = Debug|x64
		{A8BE3976-707B-4133-8721-DB80724ACD68}.Debug|x86.ActiveCfg = Debug|Win32
		{A8BE3976-707B-4133-8721-DB80724ACD68}.Debug|x86.Build.0 = Debug|Win32
		{A8BE3976-707B-4133-8721-DB80724ACD68}.Release|x64.ActiveCfg = Release|x64
		{A8BE3976-707B-4133-8721-DB80724ACD68}.Release|x64.Build.0 = Release|x64
		{A8BE3976-707B-4133-8721-DB80724ACD68}.Release|x86.ActiveCfg = Release|Win32
		{A8BE3976-707B-4133-8721-DB80724ACD68}.Release|x86.Build.0 = Release|Win32
		{1BCB6871-1EF0-4A0F-9837-BAA8780FD8DF}.Debug|x64.ActiveCfg = Debug|x64
		{1BCB6871-1EF0-4A0F-9837-BAA8780FD8DF}.Debug|x64.Build.0 = Debug|x64
		{1BCB6871-1EF0-4A0F-9837-BAA8780FD8DF}.Debug|x86.ActiveCfg = Debug|Win32
		{1BCB6871-1EF0-4A0F-9837-BAA8780FD8DF}.Debug|x86.Build.0 = Debug|Win32
		{1BCB6871-1EF0-4A0F-9837-BAA8780FD8DF}.Release|x64.ActiveCfg = Release|x64
		{1BCB6871-1EF0-4A0F-9837-BAA8780FD8DF}.Release|x64.Build.0 = Release|x64
		{1BCB6871-1EF0-4A0F-9837-BAA8780FD8DF}.Release|x86.ActiveCfg = Release|Win32
		{1BCB6871-1EF0-4A0F-9837-BAA8780FD8DF}.Release|x86.Build.0 = Release|Win32
		{51319489-E5FC-410C-A557-4A9F107F4E23}.Debug|x64.ActiveCfg = Debug|x64
		{51319489-E5FC-410C-A557-4A9F107F4E23}.Debug|x64.Build.0 = Debug|x64
		{51319489-E5FC-410C-A557-4A9F107F4E23}.Debug|x86.ActiveCfg = Debug|Win32
		{51319489-E5FC-410C-A557-4A9F107F4E23}.Debug|x86.Build.0 = Debug|Win32
		{51319489-E5FC-410C-A557-4A9F107F4E23}.Release|x64.ActiveCfg = Release|x64
		{51319489-E5FC-410C-A557-4A9F107F4E23}.Release|x64.Build.0 = Release|x64
		{51319489-E5FC-410C-A557-4A9F107F4E23}.Release|x86.ActiveCfg = Release|Win32
		{51319489-E5FC-410C-A557-4A9F107F4E23}.Release|x86.Build.0 = Release|Win32
		{37B70629-9923-417C-8FDB-CD5B050883D4}.Debug|x64.ActiveCfg = Debug|x64
		{37B70629-9923-417C-8FDB-CD5B050883D4}.Debug|x64.Build.0 = Debug|x64
		{37B70629-9923-417C-8FDB-CD5B050883D4}.Debug|x86.ActiveCfg = Debug|Win32
		{37B70629-9923-417C-8FDB-CD5B050883D4}.Debug|x86.Build.0 = Debug|Win32
		{37B70629-9923-417C-8FDB-CD5B050883D4}.Release|x64.ActiveCfg = Release|x64
		{37B70629-9923-417C-8FDB-CD5B050883D4}.Release|x64.Build.0 = Release|x64
		{37B70629-9923-417C-8FDB-CD5B050883D4}.Release|x86.ActiveCfg = Release|Win32
		{37B70629-9923-417C-8FDB-CD5B050883D4}.Release|x86.Build.0 = Release|Win32
		{D6489A8F-B92F-4260-AA00-1C83EE38B075}.Debug|x64.ActiveCfg = Debug|x64
		{D6489A8F-B92F-4260-AA00-1C83EE38B075}.Debug|x64.Build.0 = Debug|x64
		{D6489A8F-B92F-4260-AA00-1C83EE38B075}.Debug|x86.ActiveCfg = Debug|Win32
		{D6489A8F-B92F-4260-AA00-1C83EE38B075}.Debug|x86.Build.0 = Debug|Win32
		{D6489A8F-B92F-4260-AA00-1C83EE38B075}.Release|x64.ActiveCfg = Release|x64
		{D6489A8F-B92F-4260-AA00-1C83EE38B075}.Release|x64.Build.0 = Release|x64
		{D6489A8F-B92F-4260-AA00-1C83EE38B075}.Release|x86.ActiveCfg = Release|Win32
		{D6489A8F-B92F-4260-AA00-1C83EE38B075}.Release|x86.Build.0 = Release|Win32
		{9092D962-7EF4-4AC0-AEE2-DF6FB337A149}.Debug|x64.ActiveCfg = Debug|x64
		{9092D962-7EF4-4AC0-AEE2-DF6FB337A149}.Debug|x64.Build.0 = Debug|x64
		{9092D962-7EF4-4AC0-AEE2-DF6FB337A149}.Debug|x86.ActiveCfg = Debug|Win32
		{9092D962-7EF4-4AC0-AEE2-DF6FB337A149}.Debug|x86.Build.0 = Debug|Win32
		{9092D962-7EF4-4AC0-AEE2-DF6FB337A149}.Release|x64.ActiveCfg = Release|x64
		{9092D962-7EF4-4AC0-AEE2-DF6FB337A149}.Release|x64.Build.0 = Release|x64
		{9092D962-7EF4-4AC0-AEE2-DF6FB337A149}.Release|x86.ActiveCfg = Release|Win32
		{9092D962-7EF4-4AC0-AEE2-DF6FB337A149}.Release|x86.Build.0 = Release|Win32
		{ADAE4B6B-876D-4F08-97E2-1B41885C6A0A}.Debug|x64.ActiveCfg = Debug|x64
		{ADAE4B6B-876D-4F08-97E2-1B41885C6A0A}.Debug|x64.Build.0 = Debug|x64
		{ADAE4B6B-876D-4F08-97E2-1B41885C6A0A}.Debug|x86.ActiveCfg = Debug|Win32
		{ADAE4B6B-876D-4F08-97E2-1B41885C6A0A}.Debug|x86.Build.0 = Debug|Win32
		{ADAE4B6B-876D-4F08-97E2-1B41885C6A0A}.Release|x64.ActiveCfg = Release|x64
		{ADAE4B6B-876D-4F08-97E2-1B41885C6A0A}.Release|x64.Build.0 = Release|x64
		{ADAE4B6B-876D-4F08-97E2-1B41885C6A0A}.Release|x86.ActiveCfg = Release|Win32
		{ADAE4B6B-876D-4F08-97E2-1B41885C6A0A}.Release|x86.Build.0 = Release|Win32
	EndGlobalSection
	GlobalSection(SolutionProperties) = preSolution
		HideSolutionNode = FALSE
	EndGlobalSection
	GlobalSection(ExtensibilityGlobals) = postSolution
		SolutionGuid = {F4E10CCA-2C42-4436-AE33-05EBEBD17DA4}
	EndGlobalSection
EndGlobal
